// !$*UTF8*$!
{
	archiveVersion = 1;
	classes = {
	};
	objectVersion = 46;
	objects = {

/* Begin PBXBuildFile section */
		B57653B11A1D6554004DE7F5 /* AppDelegate.swift in Sources */ = {isa = PBXBuildFile; fileRef = B57653B01A1D6554004DE7F5 /* AppDelegate.swift */; };
		B57653B31A1D6554004DE7F5 /* ViewController.swift in Sources */ = {isa = PBXBuildFile; fileRef = B57653B21A1D6554004DE7F5 /* ViewController.swift */; };
		B57653B61A1D6554004DE7F5 /* Main.storyboard in Resources */ = {isa = PBXBuildFile; fileRef = B57653B41A1D6554004DE7F5 /* Main.storyboard */; };
		B57653B81A1D6554004DE7F5 /* Images.xcassets in Resources */ = {isa = PBXBuildFile; fileRef = B57653B71A1D6554004DE7F5 /* Images.xcassets */; };
		B57653BB1A1D6554004DE7F5 /* LaunchScreen.xib in Resources */ = {isa = PBXBuildFile; fileRef = B57653B91A1D6554004DE7F5 /* LaunchScreen.xib */; };
		B57653C71A1D6554004DE7F5 /* AlishPongTests.swift in Sources */ = {isa = PBXBuildFile; fileRef = B57653C61A1D6554004DE7F5 /* AlishPongTests.swift */; };
/* End PBXBuildFile section */

/* Begin PBXContainerItemProxy section */
		B57653C11A1D6554004DE7F5 /* PBXContainerItemProxy */ = {
			isa = PBXContainerItemProxy;
			containerPortal = B57653A31A1D6554004DE7F5 /* Project object */;
			proxyType = 1;
			remoteGlobalIDString = B57653AA1A1D6554004DE7F5;
			remoteInfo = AlishPong;
		};
/* End PBXContainerItemProxy section */

/* Begin PBXFileReference section */
		B57653AB1A1D6554004DE7F5 /* AlishPong.app */ = {isa = PBXFileReference; explicitFileType = wrapper.application; includeInIndex = 0; path = AlishPong.app; sourceTree = BUILT_PRODUCTS_DIR; };
		B57653AF1A1D6554004DE7F5 /* Info.plist */ = {isa = PBXFileReference; lastKnownFileType = text.plist.xml; path = Info.plist; sourceTree = "<group>"; };
		B57653B01A1D6554004DE7F5 /* AppDelegate.swift */ = {isa = PBXFileReference; lastKnownFileType = sourcecode.swift; path = AppDelegate.swift; sourceTree = "<group>"; };
		B57653B21A1D6554004DE7F5 /* ViewController.swift */ = {isa = PBXFileReference; lastKnownFileType = sourcecode.swift; path = ViewController.swift; sourceTree = "<group>"; };
		B57653B51A1D6554004DE7F5 /* Base */ = {isa = PBXFileReference; lastKnownFileType = file.storyboard; name = Base; path = Base.lproj/Main.storyboard; sourceTree = "<group>"; };
		B57653B71A1D6554004DE7F5 /* Images.xcassets */ = {isa = PBXFileReference; lastKnownFileType = folder.assetcatalog; path = Images.xcassets; sourceTree = "<group>"; };
		B57653BA1A1D6554004DE7F5 /* Base */ = {isa = PBXFileReference; lastKnownFileType = file.xib; name = Base; path = Base.lproj/LaunchScreen.xib; sourceTree = "<group>"; };
		B57653C01A1D6554004DE7F5 /* AlishPongTests.xctest */ = {isa = PBXFileReference; explicitFileType = wrapper.cfbundle; includeInIndex = 0; path = AlishPongTests.xctest; sourceTree = BUILT_PRODUCTS_DIR; };
		B57653C51A1D6554004DE7F5 /* Info.plist */ = {isa = PBXFileReference; lastKnownFileType = text.plist.xml; path = Info.plist; sourceTree = "<group>"; };
		B57653C61A1D6554004DE7F5 /* AlishPongTests.swift */ = {isa = PBXFileReference; lastKnownFileType = sourcecode.swift; path = AlishPongTests.swift; sourceTree = "<group>"; };
/* End PBXFileReference section */

/* Begin PBXFrameworksBuildPhase section */
		B57653A81A1D6554004DE7F5 /* Frameworks */ = {
			isa = PBXFrameworksBuildPhase;
			buildActionMask = 2147483647;
			files = (
			);
			runOnlyForDeploymentPostprocessing = 0;
		};
		B57653BD1A1D6554004DE7F5 /* Frameworks */ = {
			isa = PBXFrameworksBuildPhase;
			buildActionMask = 2147483647;
			files = (
			);
			runOnlyForDeploymentPostprocessing = 0;
		};
/* End PBXFrameworksBuildPhase section */

/* Begin PBXGroup section */
		B57653A21A1D6554004DE7F5 = {
			isa = PBXGroup;
			children = (
				B57653AD1A1D6554004DE7F5 /* AlishPong */,
				B57653C31A1D6554004DE7F5 /* AlishPongTests */,
				B57653AC1A1D6554004DE7F5 /* Products */,
			);
			sourceTree = "<group>";
		};
		B57653AC1A1D6554004DE7F5 /* Products */ = {
			isa = PBXGroup;
			children = (
				B57653AB1A1D6554004DE7F5 /* AlishPong.app */,
				B57653C01A1D6554004DE7F5 /* AlishPongTests.xctest */,
			);
			name = Products;
			sourceTree = "<group>";
		};
		B57653AD1A1D6554004DE7F5 /* AlishPong */ = {
			isa = PBXGroup;
			children = (
				B57653B01A1D6554004DE7F5 /* AppDelegate.swift */,
				B57653B21A1D6554004DE7F5 /* ViewController.swift */,
				B57653B41A1D6554004DE7F5 /* Main.storyboard */,
				B57653B71A1D6554004DE7F5 /* Images.xcassets */,
				B57653B91A1D6554004DE7F5 /* LaunchScreen.xib */,
				B57653AE1A1D6554004DE7F5 /* Supporting Files */,
			);
			path = AlishPong;
			sourceTree = "<group>";
		};
		B57653AE1A1D6554004DE7F5 /* Supporting Files */ = {
			isa = PBXGroup;
			children = (
				B57653AF1A1D6554004DE7F5 /* Info.plist */,
			);
			name = "Supporting Files";
			sourceTree = "<group>";
		};
		B57653C31A1D6554004DE7F5 /* AlishPongTests */ = {
			isa = PBXGroup;
			children = (
				B57653C61A1D6554004DE7F5 /* AlishPongTests.swift */,
				B57653C41A1D6554004DE7F5 /* Supporting Files */,
			);
			path = AlishPongTests;
			sourceTree = "<group>";
		};
		B57653C41A1D6554004DE7F5 /* Supporting Files */ = {
			isa = PBXGroup;
			children = (
				B57653C51A1D6554004DE7F5 /* Info.plist */,
			);
			name = "Supporting Files";
			sourceTree = "<group>";
		};
/* End PBXGroup section */

/* Begin PBXNativeTarget section */
		B57653AA1A1D6554004DE7F5 /* AlishPong */ = {
			isa = PBXNativeTarget;
			buildConfigurationList = B57653CA1A1D6554004DE7F5 /* Build configuration list for PBXNativeTarget "AlishPong" */;
			buildPhases = (
				B57653A71A1D6554004DE7F5 /* Sources */,
				B57653A81A1D6554004DE7F5 /* Frameworks */,
				B57653A91A1D6554004DE7F5 /* Resources */,
			);
			buildRules = (
			);
			dependencies = (
			);
			name = AlishPong;
			productName = AlishPong;
			productReference = B57653AB1A1D6554004DE7F5 /* AlishPong.app */;
			productType = "com.apple.product-type.application";
		};
		B57653BF1A1D6554004DE7F5 /* AlishPongTests */ = {
			isa = PBXNativeTarget;
			buildConfigurationList = B57653CD1A1D6554004DE7F5 /* Build configuration list for PBXNativeTarget "AlishPongTests" */;
			buildPhases = (
				B57653BC1A1D6554004DE7F5 /* Sources */,
				B57653BD1A1D6554004DE7F5 /* Frameworks */,
				B57653BE1A1D6554004DE7F5 /* Resources */,
			);
			buildRules = (
			);
			dependencies = (
				B57653C21A1D6554004DE7F5 /* PBXTargetDependency */,
			);
			name = AlishPongTests;
			productName = AlishPongTests;
			productReference = B57653C01A1D6554004DE7F5 /* AlishPongTests.xctest */;
			productType = "com.apple.product-type.bundle.unit-test";
		};
/* End PBXNativeTarget section */

/* Begin PBXProject section */
		B57653A31A1D6554004DE7F5 /* Project object */ = {
			isa = PBXProject;
			attributes = {
				LastUpgradeCheck = 0610;
				ORGANIZATIONNAME = "Alish Erman";
				TargetAttributes = {
					B57653AA1A1D6554004DE7F5 = {
						CreatedOnToolsVersion = 6.1;
					};
					B57653BF1A1D6554004DE7F5 = {
						CreatedOnToolsVersion = 6.1;
						TestTargetID = B57653AA1A1D6554004DE7F5;
					};
				};
			};
			buildConfigurationList = B57653A61A1D6554004DE7F5 /* Build configuration list for PBXProject "AlishPong" */;
			compatibilityVersion = "Xcode 3.2";
			developmentRegion = English;
			hasScannedForEncodings = 0;
			knownRegions = (
				en,
				Base,
			);
			mainGroup = B57653A21A1D6554004DE7F5;
			productRefGroup = B57653AC1A1D6554004DE7F5 /* Products */;
			projectDirPath = "";
			projectRoot = "";
			targets = (
				B57653AA1A1D6554004DE7F5 /* AlishPong */,
				B57653BF1A1D6554004DE7F5 /* AlishPongTests */,
			);
		};
/* End PBXProject section */

/* Begin PBXResourcesBuildPhase section */
		B57653A91A1D6554004DE7F5 /* Resources */ = {
			isa = PBXResourcesBuildPhase;
			buildActionMask = 2147483647;
			files = (
				B57653B61A1D6554004DE7F5 /* Main.storyboard in Resources */,
				B57653BB1A1D6554004DE7F5 /* LaunchScreen.xib in Resources */,
				B57653B81A1D6554004DE7F5 /* Images.xcassets in Resources */,
			);
			runOnlyForDeploymentPostprocessing = 0;
		};
		B57653BE1A1D6554004DE7F5 /* Resources */ = {
			isa = PBXResourcesBuildPhase;
			buildActionMask = 2147483647;
			files = (
			);
			runOnlyForDeploymentPostprocessing = 0;
		};
/* End PBXResourcesBuildPhase section */

/* Begin PBXSourcesBuildPhase section */
		B57653A71A1D6554004DE7F5 /* Sources */ = {
			isa = PBXSourcesBuildPhase;
			buildActionMask = 2147483647;
			files = (
				B57653B31A1D6554004DE7F5 /* ViewController.swift in Sources */,
				B57653B11A1D6554004DE7F5 /* AppDelegate.swift in Sources */,
			);
			runOnlyForDeploymentPostprocessing = 0;
		};
		B57653BC1A1D6554004DE7F5 /* Sources */ = {
			isa = PBXSourcesBuildPhase;
			buildActionMask = 2147483647;
			files = (
				B57653C71A1D6554004DE7F5 /* AlishPongTests.swift in Sources */,
			);
			runOnlyForDeploymentPostprocessing = 0;
		};
/* End PBXSourcesBuildPhase section */

/* Begin PBXTargetDependency section */
		B57653C21A1D6554004DE7F5 /* PBXTargetDependency */ = {
			isa = PBXTargetDependency;
			target = B57653AA1A1D6554004DE7F5 /* AlishPong */;
			targetProxy = B57653C11A1D6554004DE7F5 /* PBXContainerItemProxy */;
		};
/* End PBXTargetDependency section */

/* Begin PBXVariantGroup section */
		B57653B41A1D6554004DE7F5 /* Main.storyboard */ = {
			isa = PBXVariantGroup;
			children = (
				B57653B51A1D6554004DE7F5 /* Base */,
			);
			name = Main.storyboard;
			sourceTree = "<group>";
		};
		B57653B91A1D6554004DE7F5 /* LaunchScreen.xib */ = {
			isa = PBXVariantGroup;
			children = (
				B57653BA1A1D6554004DE7F5 /* Base */,
			);
			name = LaunchScreen.xib;
			sourceTree = "<group>";
		};
/* End PBXVariantGroup section */

/* Begin XCBuildConfiguration section */
		B57653C81A1D6554004DE7F5 /* Debug */ = {
			isa = XCBuildConfiguration;
			buildSettings = {
				ALWAYS_SEARCH_USER_PATHS = NO;
				CLANG_CXX_LANGUAGE_STANDARD = "gnu++0x";
				CLANG_CXX_LIBRARY = "libc++";
				CLANG_ENABLE_MODULES = YES;
				CLANG_ENABLE_OBJC_ARC = YES;
				CLANG_WARN_BOOL_CONVERSION = YES;
				CLANG_WARN_CONSTANT_CONVERSION = YES;
				CLANG_WARN_DIRECT_OBJC_ISA_USAGE = YES_ERROR;
				CLANG_WARN_EMPTY_BODY = YES;
				CLANG_WARN_ENUM_CONVERSION = YES;
				CLANG_WARN_INT_CONVERSION = YES;
				CLANG_WARN_OBJC_ROOT_CLASS = YES_ERROR;
				CLANG_WARN_UNREACHABLE_CODE = YES;
				CLANG_WARN__DUPLICATE_METHOD_MATCH = YES;
				"CODE_SIGN_IDENTITY[sdk=iphoneos*]" = "iPhone Developer";
				COPY_PHASE_STRIP = NO;
				ENABLE_STRICT_OBJC_MSGSEND = YES;
				GCC_C_LANGUAGE_STANDARD = gnu99;
				GCC_DYNAMIC_NO_PIC = NO;
				GCC_OPTIMIZATION_LEVEL = 0;
				GCC_PREPROCESSOR_DEFINITIONS = (
					"DEBUG=1",
					"$(inherited)",
				);
				GCC_SYMBOLS_PRIVATE_EXTERN = NO;
				GCC_WARN_64_TO_32_BIT_CONVERSION = YES;
				GCC_WARN_ABOUT_RETURN_TYPE = YES_ERROR;
				GCC_WARN_UNDECLARED_SELECTOR = YES;
				GCC_WARN_UNINITIALIZED_AUTOS = YES_AGGRESSIVE;
				GCC_WARN_UNUSED_FUNCTION = YES;
				GCC_WARN_UNUSED_VARIABLE = YES;
				IPHONEOS_DEPLOYMENT_TARGET = 8.1;
				MTL_ENABLE_DEBUG_INFO = YES;
				ONLY_ACTIVE_ARCH = YES;
				SDKROOT = iphoneos;
				SWIFT_OPTIMIZATION_LEVEL = "-Onone";
				TARGETED_DEVICE_FAMILY = "1,2";
			};
			name = Debug;
		};
		B57653C91A1D6554004DE7F5 /* Release */ = {
			isa = XCBuildConfiguration;
			buildSettings = {
				ALWAYS_SEARCH_USER_PATHS = NO;
				CLANG_CXX_LANGUAGE_STANDARD = "gnu++0x";
				CLANG_CXX_LIBRARY = "libc++";
				CLANG_ENABLE_MODULES = YES;
				CLANG_ENABLE_OBJC_ARC = YES;
				CLANG_WARN_BOOL_CONVERSION = YES;
				CLANG_WARN_CONSTANT_CONVERSION = YES;
				CLANG_WARN_DIRECT_OBJC_ISA_USAGE = YES_ERROR;
				CLANG_WARN_EMPTY_BODY = YES;
				CLANG_WARN_ENUM_CONVERSION = YES;
				CLANG_WARN_INT_CONVERSION = YES;
				CLANG_WARN_OBJC_ROOT_CLASS = YES_ERROR;
				CLANG_WARN_UNREACHABLE_CODE = YES;
				CLANG_WARN__DUPLICATE_METHOD_MATCH = YES;
				"CODE_SIGN_IDENTITY[sdk=iphoneos*]" = "iPhone Developer";
				COPY_PHASE_STRIP = YES;
				ENABLE_NS_ASSERTIONS = NO;
				ENABLE_STRICT_OBJC_MSGSEND = YES;
				GCC_C_LANGUAGE_STANDARD = gnu99;
				GCC_WARN_64_TO_32_BIT_CONVERSION = YES;
				GCC_WARN_ABOUT_RETURN_TYPE = YES_ERROR;
				GCC_WARN_UNDECLARED_SELECTOR = YES;
				GCC_WARN_UNINITIALIZED_AUTOS = YES_AGGRESSIVE;
				GCC_WARN_UNUSED_FUNCTION = YES;
				GCC_WARN_UNUSED_VARIABLE = YES;
				IPHONEOS_DEPLOYMENT_TARGET = 8.1;
				MTL_ENABLE_DEBUG_INFO = NO;
				SDKROOT = iphoneos;
				TARGETED_DEVICE_FAMILY = "1,2";
				VALIDATE_PRODUCT = YES;
			};
			name = Release;
		};
		B57653CB1A1D6554004DE7F5 /* Debug */ = {
			isa = XCBuildConfiguration;
			buildSettings = {
				ASSETCATALOG_COMPILER_APPICON_NAME = AppIcon;
				INFOPLIST_FILE = AlishPong/Info.plist;
				LD_RUNPATH_SEARCH_PATHS = "$(inherited) @executable_path/Frameworks";
				PRODUCT_NAME = "$(TARGET_NAME)";
			};
			name = Debug;
		};
		B57653CC1A1D6554004DE7F5 /* Release */ = {
			isa = XCBuildConfiguration;
			buildSettings = {
				ASSETCATALOG_COMPILER_APPICON_NAME = AppIcon;
				INFOPLIST_FILE = AlishPong/Info.plist;
				LD_RUNPATH_SEARCH_PATHS = "$(inherited) @executable_path/Frameworks";
				PRODUCT_NAME = "$(TARGET_NAME)";
			};
			name = Release;
		};
		B57653CE1A1D6554004DE7F5 /* Debug */ = {
			isa = XCBuildConfiguration;
			buildSettings = {
				BUNDLE_LOADER = "$(TEST_HOST)";
				FRAMEWORK_SEARCH_PATHS = (
					"$(SDKROOT)/Developer/Library/Frameworks",
					"$(inherited)",
				);
				GCC_PREPROCESSOR_DEFINITIONS = (
					"DEBUG=1",
					"$(inherited)",
				);
				INFOPLIST_FILE = AlishPongTests/Info.plist;
				LD_RUNPATH_SEARCH_PATHS = "$(inherited) @executable_path/Frameworks @loader_path/Frameworks";
				PRODUCT_NAME = "$(TARGET_NAME)";
				TEST_HOST = "$(BUILT_PRODUCTS_DIR)/AlishPong.app/AlishPong";
			};
			name = Debug;
		};
		B57653CF1A1D6554004DE7F5 /* Release */ = {
			isa = XCBuildConfiguration;
			buildSettings = {
				BUNDLE_LOADER = "$(TEST_HOST)";
				FRAMEWORK_SEARCH_PATHS = (
					"$(SDKROOT)/Developer/Library/Frameworks",
					"$(inherited)",
				);
				INFOPLIST_FILE = AlishPongTests/Info.plist;
				LD_RUNPATH_SEARCH_PATHS = "$(inherited) @executable_path/Frameworks @loader_path/Frameworks";
				PRODUCT_NAME = "$(TARGET_NAME)";
				TEST_HOST = "$(BUILT_PRODUCTS_DIR)/AlishPong.app/AlishPong";
			};
			name = Release;
		};
/* End XCBuildConfiguration section */

/* Begin XCConfigurationList section */
		B57653A61A1D6554004DE7F5 /* Build configuration list for PBXProject "AlishPong" */ = {
			isa = XCConfigurationList;
			buildConfigurations = (
				B57653C81A1D6554004DE7F5 /* Debug */,
				B57653C91A1D6554004DE7F5 /* Release */,
			);
			defaultConfigurationIsVisible = 0;
			defaultConfigurationName = Release;
		};
		B57653CA1A1D6554004DE7F5 /* Build configuration list for PBXNativeTarget "AlishPong" */ = {
			isa = XCConfigurationList;
			buildConfigurations = (
				B57653CB1A1D6554004DE7F5 /* Debug */,
				B57653CC1A1D6554004DE7F5 /* Release */,
			);
			defaultConfigurationIsVisible = 0;
		};
		B57653CD1A1D6554004DE7F5 /* Build configuration list for PBXNativeTarget "AlishPongTests" */ = {
			isa = XCConfigurationList;
			buildConfigurations = (
				B57653CE1A1D6554004DE7F5 /* Debug */,
				B57653CF1A1D6554004DE7F5 /* Release */,
			);
			defaultConfigurationIsVisible = 0;
		};
/* End XCConfigurationList section */
	};
	rootObject = B57653A31A1D6554004DE7F5 /* Project object */;
}
